
Microsoft Visual Studio Solution File, Format Version 12.00
# Visual Studio 15
VisualStudioVersion = 15.0.27428.2005
MinimumVisualStudioVersion = 10.0.40219.1
Project("{9A19103F-16F7-4668-BE54-9A1E7A4F7556}") = "Demo.WebApi", "Demo.WebApi\Demo.WebApi.csproj", "{A9976588-046B-436B-BE48-6379CA0BAEBF}"
EndProject
Project("{9A19103F-16F7-4668-BE54-9A1E7A4F7556}") = "Demo.Data", "Demo.Data\Demo.Data.csproj", "{D69E2045-AE34-4810-B7A8-EEB07AB7C1A1}"
EndProject
Project("{9A19103F-16F7-4668-BE54-9A1E7A4F7556}") = "Demo.DataImplementation", "Demo.DataImplementation\Demo.DataImplementation.csproj", "{E52C0CBE-88FC-40E7-B3A0-EA5A6DFF0917}"
EndProject
Project("{FAE04EC0-301F-11D3-BF4B-00C04F79EFBC}") = "Demo.Service", "Demo.Service\Demo.Service.csproj", "{22D0F045-F4FA-4AC6-801C-6FC8B64DE2B2}"
EndProject
Project("{FAE04EC0-301F-11D3-BF4B-00C04F79EFBC}") = "Demo.ServiceImplementation", "Demo.ServiceImplementation\Demo.ServiceImplementation.csproj", "{A2776A87-8AC8-4946-90BE-62C67E601005}"
EndProject
Global
	GlobalSection(SolutionConfigurationPlatforms) = preSolution
		Debug|Any CPU = Debug|Any CPU
		Release|Any CPU = Release|Any CPU
	EndGlobalSection
	GlobalSection(ProjectConfigurationPlatforms) = postSolution
		{A9976588-046B-436B-BE48-6379CA0BAEBF}.Debug|Any CPU.ActiveCfg = Debug|Any CPU
		{A9976588-046B-436B-BE48-6379CA0BAEBF}.Debug|Any CPU.Build.0 = Debug|Any CPU
		{A9976588-046B-436B-BE48-6379CA0BAEBF}.Release|Any CPU.ActiveCfg = Release|Any CPU
		{A9976588-046B-436B-BE48-6379CA0BAEBF}.Release|Any CPU.Build.0 = Release|Any CPU
		{D69E2045-AE34-4810-B7A8-EEB07AB7C1A1}.Debug|Any CPU.ActiveCfg = Debug|Any CPU
		{D69E2045-AE34-4810-B7A8-EEB07AB7C1A1}.Debug|Any CPU.Build.0 = Debug|Any CPU
		{D69E2045-AE34-4810-B7A8-EEB07AB7C1A1}.Release|Any CPU.ActiveCfg = Release|Any CPU
		{D69E2045-AE34-4810-B7A8-EEB07AB7C1A1}.Release|Any CPU.Build.0 = Release|Any CPU
		{E52C0CBE-88FC-40E7-B3A0-EA5A6DFF0917}.Debug|Any CPU.ActiveCfg = Debug|Any CPU
		{E52C0CBE-88FC-40E7-B3A0-EA5A6DFF0917}.Debug|Any CPU.Build.0 = Debug|Any CPU
		{E52C0CBE-88FC-40E7-B3A0-EA5A6DFF0917}.Release|Any CPU.ActiveCfg = Release|Any CPU
		{E52C0CBE-88FC-40E7-B3A0-EA5A6DFF0917}.Release|Any CPU.Build.0 = Release|Any CPU
		{22D0F045-F4FA-4AC6-801C-6FC8B64DE2B2}.Debug|Any CPU.ActiveCfg = Debug|Any CPU
		{22D0F045-F4FA-4AC6-801C-6FC8B64DE2B2}.Debug|Any CPU.Build.0 = Debug|Any CPU
		{22D0F045-F4FA-4AC6-801C-6FC8B64DE2B2}.Release|Any CPU.ActiveCfg = Release|Any CPU
		{22D0F045-F4FA-4AC6-801C-6FC8B64DE2B2}.Release|Any CPU.Build.0 = Release|Any CPU
		{A2776A87-8AC8-4946-90BE-62C67E601005}.Debug|Any CPU.ActiveCfg = Debug|Any CPU
		{A2776A87-8AC8-4946-90BE-62C67E601005}.Debug|Any CPU.Build.0 = Debug|Any CPU
		{A2776A87-8AC8-4946-90BE-62C67E601005}.Release|Any CPU.ActiveCfg = Release|Any CPU
		{A2776A87-8AC8-4946-90BE-62C67E601005}.Release|Any CPU.Build.0 = Release|Any CPU
	EndGlobalSection
	GlobalSection(SolutionProperties) = preSolution
		HideSolutionNode = FALSE
	EndGlobalSection
	GlobalSection(ExtensibilityGlobals) = postSolution
		SolutionGuid = {CF3F8FD9-D95B-4602-8156-E1987C4F2069}
	EndGlobalSection
EndGlobal
